{
    "name": "sumitkm",
    "version": "1.0.0",
    "lockfileVersion": 2,
    "requires": true,
    "packages": {
        "": {
            "name": "sumitkm",
            "version": "1.0.0",
            "dependencies": {
                "sumitkm": "^1.0.0"
            },
            "bin": {
                "sumitkm": "index.js"
            }
        },
        "node_modules/sumitkm": {
            "version": "1.0.0",
            "resolved": "https://registry.npmjs.org/sumitkm/-/sumitkm-1.0.0.tgz",
            "integrity": "sha512-bTehZOqmLADlyDDpiaxg4nmuYHSIeSCaoUvViy4xKf+yA4DyGPugxvjvqJ+j3gHwiroyFgCkUpg/rYMkM3dSiQ==",
            "bin": {
                "sumitkm": "index.js"
            }
        }
    },
    "dependencies": {
        "sumitkm": {
            "version": "1.0.0",
            "resolved": "https://registry.npmjs.org/sumitkm/-/sumitkm-1.0.0.tgz",
            "integrity": "sha512-bTehZOqmLADlyDDpiaxg4nmuYHSIeSCaoUvViy4xKf+yA4DyGPugxvjvqJ+j3gHwiroyFgCkUpg/rYMkM3dSiQ=="
        }
    }
}
